
Microsoft Visual Studio Solution File, Format Version 12.00
# Visual Studio Version 16
VisualStudioVersion = 16.0.32602.291
MinimumVisualStudioVersion = 10.0.40219.1
Project("{8BC9CEB8-8B4A-11D0-8D11-00A0C91BC942}") = "6.16.5", "6.16.5\6.16.5.vcxproj", "{60469716-D5A0-45D9-A0CF-7CCF933EFC91}"
EndProject
Global
	GlobalSection(SolutionConfigurationPlatforms) = preSolution
		Debug|x64 = Debug|x64
		Debug|x86 = Debug|x86
		Release|x64 = Release|x64
		Release|x86 = Release|x86
	EndGlobalSection
	GlobalSection(ProjectConfigurationPlatforms) = postSolution
		{60469716-D5A0-45D9-A0CF-7CCF933EFC91}.Debug|x64.ActiveCfg = Debug|x64
		{60469716-D5A0-45D9-A0CF-7CCF933EFC91}.Debug|x64.Build.0 = Debug|x64
		{60469716-D5A0-45D9-A0CF-7CCF933EFC91}.Debug|x86.ActiveCfg = Debug|Win32
		{60469716-D5A0-45D9-A0CF-7CCF933EFC91}.Debug|x86.Build.0 = Debug|Win32
		{60469716-D5A0-45D9-A0CF-7CCF933EFC91}.Release|x64.ActiveCfg = Release|x64
		{60469716-D5A0-45D9-A0CF-7CCF933EFC91}.Release|x64.Build.0 = Release|x64
		{60469716-D5A0-45D9-A0CF-7CCF933EFC91}.Release|x86.ActiveCfg = Release|Win32
		{60469716-D5A0-45D9-A0CF-7CCF933EFC91}.Release|x86.Build.0 = Release|Win32
	EndGlobalSection
	GlobalSection(SolutionProperties) = preSolution
		HideSolutionNode = FALSE
	EndGlobalSection
	GlobalSection(ExtensibilityGlobals) = postSolution
		SolutionGuid = {9E5006CD-9BD5-4840-BAEA-C6624F5ABBD2}
	EndGlobalSection
EndGlobal
