
Microsoft Visual Studio Solution File, Format Version 12.00
# Visual Studio Version 16
VisualStudioVersion = 16.0.32602.291
MinimumVisualStudioVersion = 10.0.40219.1
Project("{8BC9CEB8-8B4A-11D0-8D11-00A0C91BC942}") = "6.16.7", "6.16.7\6.16.7.vcxproj", "{1B0AFCFC-8F91-41F5-A18C-F2D47E4C38CF}"
EndProject
Global
	GlobalSection(SolutionConfigurationPlatforms) = preSolution
		Debug|x64 = Debug|x64
		Debug|x86 = Debug|x86
		Release|x64 = Release|x64
		Release|x86 = Release|x86
	EndGlobalSection
	GlobalSection(ProjectConfigurationPlatforms) = postSolution
		{1B0AFCFC-8F91-41F5-A18C-F2D47E4C38CF}.Debug|x64.ActiveCfg = Debug|x64
		{1B0AFCFC-8F91-41F5-A18C-F2D47E4C38CF}.Debug|x64.Build.0 = Debug|x64
		{1B0AFCFC-8F91-41F5-A18C-F2D47E4C38CF}.Debug|x86.ActiveCfg = Debug|Win32
		{1B0AFCFC-8F91-41F5-A18C-F2D47E4C38CF}.Debug|x86.Build.0 = Debug|Win32
		{1B0AFCFC-8F91-41F5-A18C-F2D47E4C38CF}.Release|x64.ActiveCfg = Release|x64
		{1B0AFCFC-8F91-41F5-A18C-F2D47E4C38CF}.Release|x64.Build.0 = Release|x64
		{1B0AFCFC-8F91-41F5-A18C-F2D47E4C38CF}.Release|x86.ActiveCfg = Release|Win32
		{1B0AFCFC-8F91-41F5-A18C-F2D47E4C38CF}.Release|x86.Build.0 = Release|Win32
	EndGlobalSection
	GlobalSection(SolutionProperties) = preSolution
		HideSolutionNode = FALSE
	EndGlobalSection
	GlobalSection(ExtensibilityGlobals) = postSolution
		SolutionGuid = {DF7A547A-3B06-444E-9046-7BA1065F7C6D}
	EndGlobalSection
EndGlobal
